// !$*UTF8*$!
{
	archiveVersion = 1;
	classes = {
	};
	objectVersion = 50;
	objects = {

/* Begin PBXBuildFile section */
		A20510462427B63400340F65 /* data.json in Resources */ = {isa = PBXBuildFile; fileRef = A20510452427B63400340F65 /* data.json */; };
		A2087A432426B4AC0022C462 /* AppDelegate.swift in Sources */ = {isa = PBXBuildFile; fileRef = A2087A422426B4AC0022C462 /* AppDelegate.swift */; };
		A2087A452426B4AC0022C462 /* SceneDelegate.swift in Sources */ = {isa = PBXBuildFile; fileRef = A2087A442426B4AC0022C462 /* SceneDelegate.swift */; };
		A2087A472426B4AC0022C462 /* CountryDetail.swift in Sources */ = {isa = PBXBuildFile; fileRef = A2087A462426B4AC0022C462 /* CountryDetail.swift */; };
		A2087A492426B4B00022C462 /* Assets.xcassets in Resources */ = {isa = PBXBuildFile; fileRef = A2087A482426B4B00022C462 /* Assets.xcassets */; };
		A2087A4C2426B4B00022C462 /* Preview Assets.xcassets in Resources */ = {isa = PBXBuildFile; fileRef = A2087A4B2426B4B00022C462 /* Preview Assets.xcassets */; };
		A2087A4F2426B4B00022C462 /* LaunchScreen.storyboard in Resources */ = {isa = PBXBuildFile; fileRef = A2087A4D2426B4B00022C462 /* LaunchScreen.storyboard */; };
		A2087A572426B78D0022C462 /* DataResponse.swift in Sources */ = {isa = PBXBuildFile; fileRef = A2087A562426B78D0022C462 /* DataResponse.swift */; };
		A2201528242E5D96004D2953 /* CountryViewModel.swift in Sources */ = {isa = PBXBuildFile; fileRef = A2201527242E5D96004D2953 /* CountryViewModel.swift */; };
		A2B252BC242778BB00D94755 /* NetworkFetcher.swift in Sources */ = {isa = PBXBuildFile; fileRef = A2B252BB242778BB00D94755 /* NetworkFetcher.swift */; };
		A2B252BE242788C800D94755 /* Extensions.swift in Sources */ = {isa = PBXBuildFile; fileRef = A2B252BD242788C800D94755 /* Extensions.swift */; };
		A2B252C024278FA700D94755 /* MapView.swift in Sources */ = {isa = PBXBuildFile; fileRef = A2B252BF24278FA700D94755 /* MapView.swift */; };
		A2B252C2242798A300D94755 /* CircleImage.swift in Sources */ = {isa = PBXBuildFile; fileRef = A2B252C1242798A300D94755 /* CircleImage.swift */; };
		A2DFDA732428BB47004707C1 /* Data.swift in Sources */ = {isa = PBXBuildFile; fileRef = A2DFDA722428BB47004707C1 /* Data.swift */; };
		A2E3DD3F2428D00E002FD625 /* CountryRow.swift in Sources */ = {isa = PBXBuildFile; fileRef = A2E3DD3E2428D00E002FD625 /* CountryRow.swift */; };
		A2E3DD412428D25F002FD625 /* CountryList.swift in Sources */ = {isa = PBXBuildFile; fileRef = A2E3DD402428D25F002FD625 /* CountryList.swift */; };
/* End PBXBuildFile section */

/* Begin PBXFileReference section */
		A20510452427B63400340F65 /* data.json */ = {isa = PBXFileReference; lastKnownFileType = text.json; path = data.json; sourceTree = "<group>"; };
		A2087A3F2426B4AC0022C462 /* CovidChart.app */ = {isa = PBXFileReference; explicitFileType = wrapper.application; includeInIndex = 0; path = CovidChart.app; sourceTree = BUILT_PRODUCTS_DIR; };
		A2087A422426B4AC0022C462 /* AppDelegate.swift */ = {isa = PBXFileReference; lastKnownFileType = sourcecode.swift; path = AppDelegate.swift; sourceTree = "<group>"; };
		A2087A442426B4AC0022C462 /* SceneDelegate.swift */ = {isa = PBXFileReference; lastKnownFileType = sourcecode.swift; path = SceneDelegate.swift; sourceTree = "<group>"; };
		A2087A462426B4AC0022C462 /* CountryDetail.swift */ = {isa = PBXFileReference; lastKnownFileType = sourcecode.swift; path = CountryDetail.swift; sourceTree = "<group>"; };
		A2087A482426B4B00022C462 /* Assets.xcassets */ = {isa = PBXFileReference; lastKnownFileType = folder.assetcatalog; path = Assets.xcassets; sourceTree = "<group>"; };
		A2087A4B2426B4B00022C462 /* Preview Assets.xcassets */ = {isa = PBXFileReference; lastKnownFileType = folder.assetcatalog; path = "Preview Assets.xcassets"; sourceTree = "<group>"; };
		A2087A4E2426B4B00022C462 /* Base */ = {isa = PBXFileReference; lastKnownFileType = file.storyboard; name = Base; path = Base.lproj/LaunchScreen.storyboard; sourceTree = "<group>"; };
		A2087A502426B4B00022C462 /* Info.plist */ = {isa = PBXFileReference; lastKnownFileType = text.plist.xml; path = Info.plist; sourceTree = "<group>"; };
		A2087A562426B78D0022C462 /* DataResponse.swift */ = {isa = PBXFileReference; lastKnownFileType = sourcecode.swift; path = DataResponse.swift; sourceTree = "<group>"; };
		A2201527242E5D96004D2953 /* CountryViewModel.swift */ = {isa = PBXFileReference; lastKnownFileType = sourcecode.swift; path = CountryViewModel.swift; sourceTree = "<group>"; };
		A2B252BB242778BB00D94755 /* NetworkFetcher.swift */ = {isa = PBXFileReference; lastKnownFileType = sourcecode.swift; path = NetworkFetcher.swift; sourceTree = "<group>"; };
		A2B252BD242788C800D94755 /* Extensions.swift */ = {isa = PBXFileReference; lastKnownFileType = sourcecode.swift; path = Extensions.swift; sourceTree = "<group>"; };
		A2B252BF24278FA700D94755 /* MapView.swift */ = {isa = PBXFileReference; lastKnownFileType = sourcecode.swift; path = MapView.swift; sourceTree = "<group>"; };
		A2B252C1242798A300D94755 /* CircleImage.swift */ = {isa = PBXFileReference; lastKnownFileType = sourcecode.swift; path = CircleImage.swift; sourceTree = "<group>"; };
		A2DFDA722428BB47004707C1 /* Data.swift */ = {isa = PBXFileReference; lastKnownFileType = sourcecode.swift; path = Data.swift; sourceTree = "<group>"; };
		A2E3DD3E2428D00E002FD625 /* CountryRow.swift */ = {isa = PBXFileReference; lastKnownFileType = sourcecode.swift; path = CountryRow.swift; sourceTree = "<group>"; };
		A2E3DD402428D25F002FD625 /* CountryList.swift */ = {isa = PBXFileReference; lastKnownFileType = sourcecode.swift; path = CountryList.swift; sourceTree = "<group>"; };
/* End PBXFileReference section */

/* Begin PBXFrameworksBuildPhase section */
		A2087A3C2426B4AC0022C462 /* Frameworks */ = {
			isa = PBXFrameworksBuildPhase;
			buildActionMask = 2147483647;
			files = (
			);
			runOnlyForDeploymentPostprocessing = 0;
		};
/* End PBXFrameworksBuildPhase section */

/* Begin PBXGroup section */
		A20510402427B31300340F65 /* Services */ = {
			isa = PBXGroup;
			children = (
				A2B252C324279F7500D94755 /* Models */,
				A2B252BB242778BB00D94755 /* NetworkFetcher.swift */,
			);
			path = Services;
			sourceTree = "<group>";
		};
		A20510412427B55700340F65 /* Resources */ = {
			isa = PBXGroup;
			children = (
				A20510452427B63400340F65 /* data.json */,
			);
			path = Resources;
			sourceTree = "<group>";
		};
		A2087A362426B4AB0022C462 = {
			isa = PBXGroup;
			children = (
				A2087A412426B4AC0022C462 /* CovidChart */,
				A2087A402426B4AC0022C462 /* Products */,
			);
			sourceTree = "<group>";
		};
		A2087A402426B4AC0022C462 /* Products */ = {
			isa = PBXGroup;
			children = (
				A2087A3F2426B4AC0022C462 /* CovidChart.app */,
			);
			name = Products;
			sourceTree = "<group>";
		};
		A2087A412426B4AC0022C462 /* CovidChart */ = {
			isa = PBXGroup;
			children = (
				A2087A422426B4AC0022C462 /* AppDelegate.swift */,
				A2087A442426B4AC0022C462 /* SceneDelegate.swift */,
				A2B252BD242788C800D94755 /* Extensions.swift */,
				A20510402427B31300340F65 /* Services */,
				A2B252BF24278FA700D94755 /* MapView.swift */,
				A2B252C1242798A300D94755 /* CircleImage.swift */,
				A2087A462426B4AC0022C462 /* CountryDetail.swift */,
				A2E3DD3E2428D00E002FD625 /* CountryRow.swift */,
				A2E3DD402428D25F002FD625 /* CountryList.swift */,
				A2201529242E5E22004D2953 /* ViewModel */,
				A20510412427B55700340F65 /* Resources */,
				A2087A482426B4B00022C462 /* Assets.xcassets */,
				A2087A4D2426B4B00022C462 /* LaunchScreen.storyboard */,
				A2087A502426B4B00022C462 /* Info.plist */,
				A2087A4A2426B4B00022C462 /* Preview Content */,
			);
			path = CovidChart;
			sourceTree = "<group>";
		};
		A2087A4A2426B4B00022C462 /* Preview Content */ = {
			isa = PBXGroup;
			children = (
				A2087A4B2426B4B00022C462 /* Preview Assets.xcassets */,
			);
			path = "Preview Content";
			sourceTree = "<group>";
		};
		A2201529242E5E22004D2953 /* ViewModel */ = {
			isa = PBXGroup;
			children = (
				A2201527242E5D96004D2953 /* CountryViewModel.swift */,
			);
			path = ViewModel;
			sourceTree = "<group>";
		};
		A2B252C324279F7500D94755 /* Models */ = {
			isa = PBXGroup;
			children = (
				A2087A562426B78D0022C462 /* DataResponse.swift */,
				A2DFDA722428BB47004707C1 /* Data.swift */,
			);
			path = Models;
			sourceTree = "<group>";
		};
/* End PBXGroup section */

/* Begin PBXNativeTarget section */
		A2087A3E2426B4AC0022C462 /* CovidChart */ = {
			isa = PBXNativeTarget;
			buildConfigurationList = A2087A532426B4B00022C462 /* Build configuration list for PBXNativeTarget "CovidChart" */;
			buildPhases = (
				A2087A3B2426B4AC0022C462 /* Sources */,
				A2087A3C2426B4AC0022C462 /* Frameworks */,
				A2087A3D2426B4AC0022C462 /* Resources */,
			);
			buildRules = (
			);
			dependencies = (
			);
			name = CovidChart;
			productName = CovidChart;
			productReference = A2087A3F2426B4AC0022C462 /* CovidChart.app */;
			productType = "com.apple.product-type.application";
		};
/* End PBXNativeTarget section */

/* Begin PBXProject section */
		A2087A372426B4AB0022C462 /* Project object */ = {
			isa = PBXProject;
			attributes = {
				LastSwiftUpdateCheck = 1130;
				LastUpgradeCheck = 1130;
				ORGANIZATIONNAME = "Alexander Litvinov";
				TargetAttributes = {
					A2087A3E2426B4AC0022C462 = {
						CreatedOnToolsVersion = 11.3.1;
					};
				};
			};
			buildConfigurationList = A2087A3A2426B4AB0022C462 /* Build configuration list for PBXProject "CovidChart" */;
			compatibilityVersion = "Xcode 9.3";
			developmentRegion = en;
			hasScannedForEncodings = 0;
			knownRegions = (
				en,
				Base,
			);
			mainGroup = A2087A362426B4AB0022C462;
			productRefGroup = A2087A402426B4AC0022C462 /* Products */;
			projectDirPath = "";
			projectRoot = "";
			targets = (
				A2087A3E2426B4AC0022C462 /* CovidChart */,
			);
		};
/* End PBXProject section */

/* Begin PBXResourcesBuildPhase section */
		A2087A3D2426B4AC0022C462 /* Resources */ = {
			isa = PBXResourcesBuildPhase;
			buildActionMask = 2147483647;
			files = (
				A2087A4F2426B4B00022C462 /* LaunchScreen.storyboard in Resources */,
				A2087A4C2426B4B00022C462 /* Preview Assets.xcassets in Resources */,
				A2087A492426B4B00022C462 /* Assets.xcassets in Resources */,
				A20510462427B63400340F65 /* data.json in Resources */,
			);
			runOnlyForDeploymentPostprocessing = 0;
		};
/* End PBXResourcesBuildPhase section */

/* Begin PBXSourcesBuildPhase section */
		A2087A3B2426B4AC0022C462 /* Sources */ = {
			isa = PBXSourcesBuildPhase;
			buildActionMask = 2147483647;
			files = (
				A2E3DD412428D25F002FD625 /* CountryList.swift in Sources */,
				A2B252C024278FA700D94755 /* MapView.swift in Sources */,
				A2B252C2242798A300D94755 /* CircleImage.swift in Sources */,
				A2E3DD3F2428D00E002FD625 /* CountryRow.swift in Sources */,
				A2087A432426B4AC0022C462 /* AppDelegate.swift in Sources */,
				A2B252BE242788C800D94755 /* Extensions.swift in Sources */,
				A2DFDA732428BB47004707C1 /* Data.swift in Sources */,
				A2087A452426B4AC0022C462 /* SceneDelegate.swift in Sources */,
				A2B252BC242778BB00D94755 /* NetworkFetcher.swift in Sources */,
				A2201528242E5D96004D2953 /* CountryViewModel.swift in Sources */,
				A2087A472426B4AC0022C462 /* CountryDetail.swift in Sources */,
				A2087A572426B78D0022C462 /* DataResponse.swift in Sources */,
			);
			runOnlyForDeploymentPostprocessing = 0;
		};
/* End PBXSourcesBuildPhase section */

/* Begin PBXVariantGroup section */
		A2087A4D2426B4B00022C462 /* LaunchScreen.storyboard */ = {
			isa = PBXVariantGroup;
			children = (
				A2087A4E2426B4B00022C462 /* Base */,
			);
			name = LaunchScreen.storyboard;
			sourceTree = "<group>";
		};
/* End PBXVariantGroup section */

/* Begin XCBuildConfiguration section */
		A2087A512426B4B00022C462 /* Debug */ = {
			isa = XCBuildConfiguration;
			buildSettings = {
				ALWAYS_SEARCH_USER_PATHS = NO;
				CLANG_ANALYZER_NONNULL = YES;
				CLANG_ANALYZER_NUMBER_OBJECT_CONVERSION = YES_AGGRESSIVE;
				CLANG_CXX_LANGUAGE_STANDARD = "gnu++14";
				CLANG_CXX_LIBRARY = "libc++";
				CLANG_ENABLE_MODULES = YES;
				CLANG_ENABLE_OBJC_ARC = YES;
				CLANG_ENABLE_OBJC_WEAK = YES;
				CLANG_WARN_BLOCK_CAPTURE_AUTORELEASING = YES;
				CLANG_WARN_BOOL_CONVERSION = YES;
				CLANG_WARN_COMMA = YES;
				CLANG_WARN_CONSTANT_CONVERSION = YES;
				CLANG_WARN_DEPRECATED_OBJC_IMPLEMENTATIONS = YES;
				CLANG_WARN_DIRECT_OBJC_ISA_USAGE = YES_ERROR;
				CLANG_WARN_DOCUMENTATION_COMMENTS = YES;
				CLANG_WARN_EMPTY_BODY = YES;
				CLANG_WARN_ENUM_CONVERSION = YES;
				CLANG_WARN_INFINITE_RECURSION = YES;
				CLANG_WARN_INT_CONVERSION = YES;
				CLANG_WARN_NON_LITERAL_NULL_CONVERSION = YES;
				CLANG_WARN_OBJC_IMPLICIT_RETAIN_SELF = YES;
				CLANG_WARN_OBJC_LITERAL_CONVERSION = YES;
				CLANG_WARN_OBJC_ROOT_CLASS = YES_ERROR;
				CLANG_WARN_RANGE_LOOP_ANALYSIS = YES;
				CLANG_WARN_STRICT_PROTOTYPES = YES;
				CLANG_WARN_SUSPICIOUS_MOVE = YES;
				CLANG_WARN_UNGUARDED_AVAILABILITY = YES_AGGRESSIVE;
				CLANG_WARN_UNREACHABLE_CODE = YES;
				CLANG_WARN__DUPLICATE_METHOD_MATCH = YES;
				COPY_PHASE_STRIP = NO;
				DEBUG_INFORMATION_FORMAT = dwarf;
				ENABLE_STRICT_OBJC_MSGSEND = YES;
				ENABLE_TESTABILITY = YES;
				GCC_C_LANGUAGE_STANDARD = gnu11;
				GCC_DYNAMIC_NO_PIC = NO;
				GCC_NO_COMMON_BLOCKS = YES;
				GCC_OPTIMIZATION_LEVEL = 0;
				GCC_PREPROCESSOR_DEFINITIONS = (
					"DEBUG=1",
					"$(inherited)",
				);
				GCC_WARN_64_TO_32_BIT_CONVERSION = YES;
				GCC_WARN_ABOUT_RETURN_TYPE = YES_ERROR;
				GCC_WARN_UNDECLARED_SELECTOR = YES;
				GCC_WARN_UNINITIALIZED_AUTOS = YES_AGGRESSIVE;
				GCC_WARN_UNUSED_FUNCTION = YES;
				GCC_WARN_UNUSED_VARIABLE = YES;
				IPHONEOS_DEPLOYMENT_TARGET = 13.2;
				MTL_ENABLE_DEBUG_INFO = INCLUDE_SOURCE;
				MTL_FAST_MATH = YES;
				ONLY_ACTIVE_ARCH = YES;
				SDKROOT = iphoneos;
				SWIFT_ACTIVE_COMPILATION_CONDITIONS = DEBUG;
				SWIFT_OPTIMIZATION_LEVEL = "-Onone";
			};
			name = Debug;
		};
		A2087A522426B4B00022C462 /* Release */ = {
			isa = XCBuildConfiguration;
			buildSettings = {
				ALWAYS_SEARCH_USER_PATHS = NO;
				CLANG_ANALYZER_NONNULL = YES;
				CLANG_ANALYZER_NUMBER_OBJECT_CONVERSION = YES_AGGRESSIVE;
				CLANG_CXX_LANGUAGE_STANDARD = "gnu++14";
				CLANG_CXX_LIBRARY = "libc++";
				CLANG_ENABLE_MODULES = YES;
				CLANG_ENABLE_OBJC_ARC = YES;
				CLANG_ENABLE_OBJC_WEAK = YES;
				CLANG_WARN_BLOCK_CAPTURE_AUTORELEASING = YES;
				CLANG_WARN_BOOL_CONVERSION = YES;
				CLANG_WARN_COMMA = YES;
				CLANG_WARN_CONSTANT_CONVERSION = YES;
				CLANG_WARN_DEPRECATED_OBJC_IMPLEMENTATIONS = YES;
				CLANG_WARN_DIRECT_OBJC_ISA_USAGE = YES_ERROR;
				CLANG_WARN_DOCUMENTATION_COMMENTS = YES;
				CLANG_WARN_EMPTY_BODY = YES;
				CLANG_WARN_ENUM_CONVERSION = YES;
				CLANG_WARN_INFINITE_RECURSION = YES;
				CLANG_WARN_INT_CONVERSION = YES;
				CLANG_WARN_NON_LITERAL_NULL_CONVERSION = YES;
				CLANG_WARN_OBJC_IMPLICIT_RETAIN_SELF = YES;
				CLANG_WARN_OBJC_LITERAL_CONVERSION = YES;
				CLANG_WARN_OBJC_ROOT_CLASS = YES_ERROR;
				CLANG_WARN_RANGE_LOOP_ANALYSIS = YES;
				CLANG_WARN_STRICT_PROTOTYPES = YES;
				CLANG_WARN_SUSPICIOUS_MOVE = YES;
				CLANG_WARN_UNGUARDED_AVAILABILITY = YES_AGGRESSIVE;
				CLANG_WARN_UNREACHABLE_CODE = YES;
				CLANG_WARN__DUPLICATE_METHOD_MATCH = YES;
				COPY_PHASE_STRIP = NO;
				DEBUG_INFORMATION_FORMAT = "dwarf-with-dsym";
				ENABLE_NS_ASSERTIONS = NO;
				ENABLE_STRICT_OBJC_MSGSEND = YES;
				GCC_C_LANGUAGE_STANDARD = gnu11;
				GCC_NO_COMMON_BLOCKS = YES;
				GCC_WARN_64_TO_32_BIT_CONVERSION = YES;
				GCC_WARN_ABOUT_RETURN_TYPE = YES_ERROR;
				GCC_WARN_UNDECLARED_SELECTOR = YES;
				GCC_WARN_UNINITIALIZED_AUTOS = YES_AGGRESSIVE;
				GCC_WARN_UNUSED_FUNCTION = YES;
				GCC_WARN_UNUSED_VARIABLE = YES;
				IPHONEOS_DEPLOYMENT_TARGET = 13.2;
				MTL_ENABLE_DEBUG_INFO = NO;
				MTL_FAST_MATH = YES;
				SDKROOT = iphoneos;
				SWIFT_COMPILATION_MODE = wholemodule;
				SWIFT_OPTIMIZATION_LEVEL = "-O";
				VALIDATE_PRODUCT = YES;
			};
			name = Release;
		};
		A2087A542426B4B00022C462 /* Debug */ = {
			isa = XCBuildConfiguration;
			buildSettings = {
				ASSETCATALOG_COMPILER_APPICON_NAME = AppIcon;
				CODE_SIGN_STYLE = Automatic;
				DEVELOPMENT_ASSET_PATHS = "\"CovidChart/Preview Content\"";
				DEVELOPMENT_TEAM = 946NQ7ZBS2;
				ENABLE_PREVIEWS = YES;
				INFOPLIST_FILE = CovidChart/Info.plist;
				LD_RUNPATH_SEARCH_PATHS = (
					"$(inherited)",
					"@executable_path/Frameworks",
				);
				PRODUCT_BUNDLE_IDENTIFIER = jemzza.CovidChart;
				PRODUCT_NAME = "$(TARGET_NAME)";
				SWIFT_VERSION = 5.0;
				TARGETED_DEVICE_FAMILY = "1,2";
			};
			name = Debug;
		};
		A2087A552426B4B00022C462 /* Release */ = {
			isa = XCBuildConfiguration;
			buildSettings = {
				ASSETCATALOG_COMPILER_APPICON_NAME = AppIcon;
				CODE_SIGN_STYLE = Automatic;
				DEVELOPMENT_ASSET_PATHS = "\"CovidChart/Preview Content\"";
				DEVELOPMENT_TEAM = 946NQ7ZBS2;
				ENABLE_PREVIEWS = YES;
				INFOPLIST_FILE = CovidChart/Info.plist;
				LD_RUNPATH_SEARCH_PATHS = (
					"$(inherited)",
					"@executable_path/Frameworks",
				);
				PRODUCT_BUNDLE_IDENTIFIER = jemzza.CovidChart;
				PRODUCT_NAME = "$(TARGET_NAME)";
				SWIFT_VERSION = 5.0;
				TARGETED_DEVICE_FAMILY = "1,2";
			};
			name = Release;
		};
/* End XCBuildConfiguration section */

/* Begin XCConfigurationList section */
		A2087A3A2426B4AB0022C462 /* Build configuration list for PBXProject "CovidChart" */ = {
			isa = XCConfigurationList;
			buildConfigurations = (
				A2087A512426B4B00022C462 /* Debug */,
				A2087A522426B4B00022C462 /* Release */,
			);
			defaultConfigurationIsVisible = 0;
			defaultConfigurationName = Release;
		};
		A2087A532426B4B00022C462 /* Build configuration list for PBXNativeTarget "CovidChart" */ = {
			isa = XCConfigurationList;
			buildConfigurations = (
				A2087A542426B4B00022C462 /* Debug */,
				A2087A552426B4B00022C462 /* Release */,
			);
			defaultConfigurationIsVisible = 0;
			defaultConfigurationName = Release;
		};
/* End XCConfigurationList section */
	};
	rootObject = A2087A372426B4AB0022C462 /* Project object */;
}
